
Microsoft Visual Studio Solution File, Format Version 12.00
# Visual Studio Version 17
VisualStudioVersion = 17.12.35527.113
MinimumVisualStudioVersion = 10.0.40219.1
Project("{FAE04EC0-301F-11D3-BF4B-00C04F79EFBC}") = "AtWorkAPI", "AtWorkAPI.csproj", "{076C1775-70BF-4DAC-8FB2-AAE48B73DFFA}"
EndProject
Project("{FAE04EC0-301F-11D3-BF4B-00C04F79EFBC}") = "AtWork.Domain", "..\AtWork.Domain\AtWork.Domain.csproj", "{6BBA818C-5743-4B4D-A2E3-D417AA9C61B7}"
EndProject
Global
	GlobalSection(SolutionConfigurationPlatforms) = preSolution
		Debug|Any CPU = Debug|Any CPU
		Release|Any CPU = Release|Any CPU
	EndGlobalSection
	GlobalSection(ProjectConfigurationPlatforms) = postSolution
		{076C1775-70BF-4DAC-8FB2-AAE48B73DFFA}.Debug|Any CPU.ActiveCfg = Debug|Any CPU
		{076C1775-70BF-4DAC-8FB2-AAE48B73DFFA}.Debug|Any CPU.Build.0 = Debug|Any CPU
		{076C1775-70BF-4DAC-8FB2-AAE48B73DFFA}.Release|Any CPU.ActiveCfg = Release|Any CPU
		{076C1775-70BF-4DAC-8FB2-AAE48B73DFFA}.Release|Any CPU.Build.0 = Release|Any CPU
		{6BBA818C-5743-4B4D-A2E3-D417AA9C61B7}.Debug|Any CPU.ActiveCfg = Debug|Any CPU
		{6BBA818C-5743-4B4D-A2E3-D417AA9C61B7}.Debug|Any CPU.Build.0 = Debug|Any CPU
		{6BBA818C-5743-4B4D-A2E3-D417AA9C61B7}.Release|Any CPU.ActiveCfg = Release|Any CPU
		{6BBA818C-5743-4B4D-A2E3-D417AA9C61B7}.Release|Any CPU.Build.0 = Release|Any CPU
	EndGlobalSection
	GlobalSection(SolutionProperties) = preSolution
		HideSolutionNode = FALSE
	EndGlobalSection
EndGlobal
